
Microsoft Visual Studio Solution File, Format Version 12.00
# Visual Studio Version 17
VisualStudioVersion = 17.9.34723.18
MinimumVisualStudioVersion = 10.0.40219.1
Project("{9A19103F-16F7-4668-BE54-9A1E7A4F7556}") = "Papara.Api", "Papara.Api\Papara.Api.csproj", "{2EF365BA-6CC9-4490-86CF-CBD903A180A0}"
EndProject
Project("{9A19103F-16F7-4668-BE54-9A1E7A4F7556}") = "Papara.Base", "Papara.Base\Papara.Base.csproj", "{65F763CE-1D44-4C75-95D2-0E3A7F7D7FD0}"
EndProject
Project("{9A19103F-16F7-4668-BE54-9A1E7A4F7556}") = "Papara.Business", "Papara.Business\Papara.Business.csproj", "{83805C51-4C43-4419-97A3-E0F7352DF89D}"
EndProject
Project("{9A19103F-16F7-4668-BE54-9A1E7A4F7556}") = "Papara.Schema", "Papara.Schema\Papara.Schema.csproj", "{148B8D3A-8774-4BFE-96DD-F9884947DBC0}"
EndProject
Project("{FAE04EC0-301F-11D3-BF4B-00C04F79EFBC}") = "Papara.Data", "Papara.Data\Papara.Data.csproj", "{F2290C15-9509-46E2-B481-CFC87D6EAFC3}"
EndProject
Global
	GlobalSection(SolutionConfigurationPlatforms) = preSolution
		Debug|Any CPU = Debug|Any CPU
		Release|Any CPU = Release|Any CPU
	EndGlobalSection
	GlobalSection(ProjectConfigurationPlatforms) = postSolution
		{2EF365BA-6CC9-4490-86CF-CBD903A180A0}.Debug|Any CPU.ActiveCfg = Debug|Any CPU
		{2EF365BA-6CC9-4490-86CF-CBD903A180A0}.Debug|Any CPU.Build.0 = Debug|Any CPU
		{2EF365BA-6CC9-4490-86CF-CBD903A180A0}.Release|Any CPU.ActiveCfg = Release|Any CPU
		{2EF365BA-6CC9-4490-86CF-CBD903A180A0}.Release|Any CPU.Build.0 = Release|Any CPU
		{65F763CE-1D44-4C75-95D2-0E3A7F7D7FD0}.Debug|Any CPU.ActiveCfg = Debug|Any CPU
		{65F763CE-1D44-4C75-95D2-0E3A7F7D7FD0}.Debug|Any CPU.Build.0 = Debug|Any CPU
		{65F763CE-1D44-4C75-95D2-0E3A7F7D7FD0}.Release|Any CPU.ActiveCfg = Release|Any CPU
		{65F763CE-1D44-4C75-95D2-0E3A7F7D7FD0}.Release|Any CPU.Build.0 = Release|Any CPU
		{83805C51-4C43-4419-97A3-E0F7352DF89D}.Debug|Any CPU.ActiveCfg = Debug|Any CPU
		{83805C51-4C43-4419-97A3-E0F7352DF89D}.Debug|Any CPU.Build.0 = Debug|Any CPU
		{83805C51-4C43-4419-97A3-E0F7352DF89D}.Release|Any CPU.ActiveCfg = Release|Any CPU
		{83805C51-4C43-4419-97A3-E0F7352DF89D}.Release|Any CPU.Build.0 = Release|Any CPU
		{148B8D3A-8774-4BFE-96DD-F9884947DBC0}.Debug|Any CPU.ActiveCfg = Debug|Any CPU
		{148B8D3A-8774-4BFE-96DD-F9884947DBC0}.Debug|Any CPU.Build.0 = Debug|Any CPU
		{148B8D3A-8774-4BFE-96DD-F9884947DBC0}.Release|Any CPU.ActiveCfg = Release|Any CPU
		{148B8D3A-8774-4BFE-96DD-F9884947DBC0}.Release|Any CPU.Build.0 = Release|Any CPU
		{F2290C15-9509-46E2-B481-CFC87D6EAFC3}.Debug|Any CPU.ActiveCfg = Debug|Any CPU
		{F2290C15-9509-46E2-B481-CFC87D6EAFC3}.Debug|Any CPU.Build.0 = Debug|Any CPU
		{F2290C15-9509-46E2-B481-CFC87D6EAFC3}.Release|Any CPU.ActiveCfg = Release|Any CPU
		{F2290C15-9509-46E2-B481-CFC87D6EAFC3}.Release|Any CPU.Build.0 = Release|Any CPU
	EndGlobalSection
	GlobalSection(SolutionProperties) = preSolution
		HideSolutionNode = FALSE
	EndGlobalSection
	GlobalSection(ExtensibilityGlobals) = postSolution
		SolutionGuid = {6C0078E6-8134-447C-B805-F59CB159EE7E}
	EndGlobalSection
EndGlobal
